// !$*UTF8*$!
{
	archiveVersion = 1;
	classes = {
	};
	objectVersion = 46;
	objects = {

/* Begin PBXBuildFile section */
		2C36BCB41E53D75500A87423 /* AppDelegate.swift in Sources */ = {isa = PBXBuildFile; fileRef = 2C36BCB31E53D75500A87423 /* AppDelegate.swift */; };
		2C36BCB61E53D75500A87423 /* ViewController.swift in Sources */ = {isa = PBXBuildFile; fileRef = 2C36BCB51E53D75500A87423 /* ViewController.swift */; };
		2C36BCB91E53D75500A87423 /* Main.storyboard in Resources */ = {isa = PBXBuildFile; fileRef = 2C36BCB71E53D75500A87423 /* Main.storyboard */; };
		2C36BCBC1E53D75500A87423 /* ToDoList_300921136.xcdatamodeld in Sources */ = {isa = PBXBuildFile; fileRef = 2C36BCBA1E53D75500A87423 /* ToDoList_300921136.xcdatamodeld */; };
		2C36BCBE1E53D75500A87423 /* Assets.xcassets in Resources */ = {isa = PBXBuildFile; fileRef = 2C36BCBD1E53D75500A87423 /* Assets.xcassets */; };
		2C36BCC11E53D75500A87423 /* LaunchScreen.storyboard in Resources */ = {isa = PBXBuildFile; fileRef = 2C36BCBF1E53D75500A87423 /* LaunchScreen.storyboard */; };
/* End PBXBuildFile section */

/* Begin PBXFileReference section */
		2C36BCB01E53D75500A87423 /* ToDoList_300921136.app */ = {isa = PBXFileReference; explicitFileType = wrapper.application; includeInIndex = 0; path = ToDoList_300921136.app; sourceTree = BUILT_PRODUCTS_DIR; };
		2C36BCB31E53D75500A87423 /* AppDelegate.swift */ = {isa = PBXFileReference; lastKnownFileType = sourcecode.swift; path = AppDelegate.swift; sourceTree = "<group>"; };
		2C36BCB51E53D75500A87423 /* ViewController.swift */ = {isa = PBXFileReference; lastKnownFileType = sourcecode.swift; path = ViewController.swift; sourceTree = "<group>"; };
		2C36BCB81E53D75500A87423 /* Base */ = {isa = PBXFileReference; lastKnownFileType = file.storyboard; name = Base; path = Base.lproj/Main.storyboard; sourceTree = "<group>"; };
		2C36BCBB1E53D75500A87423 /* ToDoList_300921136.xcdatamodel */ = {isa = PBXFileReference; lastKnownFileType = wrapper.xcdatamodel; path = ToDoList_300921136.xcdatamodel; sourceTree = "<group>"; };
		2C36BCBD1E53D75500A87423 /* Assets.xcassets */ = {isa = PBXFileReference; lastKnownFileType = folder.assetcatalog; path = Assets.xcassets; sourceTree = "<group>"; };
		2C36BCC01E53D75500A87423 /* Base */ = {isa = PBXFileReference; lastKnownFileType = file.storyboard; name = Base; path = Base.lproj/LaunchScreen.storyboard; sourceTree = "<group>"; };
		2C36BCC21E53D75500A87423 /* Info.plist */ = {isa = PBXFileReference; lastKnownFileType = text.plist.xml; path = Info.plist; sourceTree = "<group>"; };
/* End PBXFileReference section */

/* Begin PBXFrameworksBuildPhase section */
		2C36BCAD1E53D75400A87423 /* Frameworks */ = {
			isa = PBXFrameworksBuildPhase;
			buildActionMask = 2147483647;
			files = (
			);
			runOnlyForDeploymentPostprocessing = 0;
		};
/* End PBXFrameworksBuildPhase section */

/* Begin PBXGroup section */
		2C36BCA71E53D75400A87423 = {
			isa = PBXGroup;
			children = (
				2C36BCB21E53D75500A87423 /* ToDoList_300921136 */,
				2C36BCB11E53D75500A87423 /* Products */,
			);
			sourceTree = "<group>";
		};
		2C36BCB11E53D75500A87423 /* Products */ = {
			isa = PBXGroup;
			children = (
				2C36BCB01E53D75500A87423 /* ToDoList_300921136.app */,
			);
			name = Products;
			sourceTree = "<group>";
		};
		2C36BCB21E53D75500A87423 /* ToDoList_300921136 */ = {
			isa = PBXGroup;
			children = (
				2C36BCB31E53D75500A87423 /* AppDelegate.swift */,
				2C36BCB51E53D75500A87423 /* ViewController.swift */,
				2C36BCB71E53D75500A87423 /* Main.storyboard */,
				2C36BCBD1E53D75500A87423 /* Assets.xcassets */,
				2C36BCBF1E53D75500A87423 /* LaunchScreen.storyboard */,
				2C36BCC21E53D75500A87423 /* Info.plist */,
				2C36BCBA1E53D75500A87423 /* ToDoList_300921136.xcdatamodeld */,
			);
			path = ToDoList_300921136;
			sourceTree = "<group>";
		};
/* End PBXGroup section */

/* Begin PBXNativeTarget section */
		2C36BCAF1E53D75400A87423 /* ToDoList_300921136 */ = {
			isa = PBXNativeTarget;
			buildConfigurationList = 2C36BCC51E53D75500A87423 /* Build configuration list for PBXNativeTarget "ToDoList_300921136" */;
			buildPhases = (
				2C36BCAC1E53D75400A87423 /* Sources */,
				2C36BCAD1E53D75400A87423 /* Frameworks */,
				2C36BCAE1E53D75400A87423 /* Resources */,
			);
			buildRules = (
			);
			dependencies = (
			);
			name = ToDoList_300921136;
			productName = ToDoList_300921136;
			productReference = 2C36BCB01E53D75500A87423 /* ToDoList_300921136.app */;
			productType = "com.apple.product-type.application";
		};
/* End PBXNativeTarget section */

/* Begin PBXProject section */
		2C36BCA81E53D75400A87423 /* Project object */ = {
			isa = PBXProject;
			attributes = {
				LastSwiftUpdateCheck = 0820;
				LastUpgradeCheck = 0820;
				ORGANIZATIONNAME = Sajid;
				TargetAttributes = {
					2C36BCAF1E53D75400A87423 = {
						CreatedOnToolsVersion = 8.2.1;
						ProvisioningStyle = Automatic;
					};
				};
			};
			buildConfigurationList = 2C36BCAB1E53D75400A87423 /* Build configuration list for PBXProject "ToDoList_300921136" */;
			compatibilityVersion = "Xcode 3.2";
			developmentRegion = English;
			hasScannedForEncodings = 0;
			knownRegions = (
				en,
				Base,
			);
			mainGroup = 2C36BCA71E53D75400A87423;
			productRefGroup = 2C36BCB11E53D75500A87423 /* Products */;
			projectDirPath = "";
			projectRoot = "";
			targets = (
				2C36BCAF1E53D75400A87423 /* ToDoList_300921136 */,
			);
		};
/* End PBXProject section */

/* Begin PBXResourcesBuildPhase section */
		2C36BCAE1E53D75400A87423 /* Resources */ = {
			isa = PBXResourcesBuildPhase;
			buildActionMask = 2147483647;
			files = (
				2C36BCC11E53D75500A87423 /* LaunchScreen.storyboard in Resources */,
				2C36BCBE1E53D75500A87423 /* Assets.xcassets in Resources */,
				2C36BCB91E53D75500A87423 /* Main.storyboard in Resources */,
			);
			runOnlyForDeploymentPostprocessing = 0;
		};
/* End PBXResourcesBuildPhase section */

/* Begin PBXSourcesBuildPhase section */
		2C36BCAC1E53D75400A87423 /* Sources */ = {
			isa = PBXSourcesBuildPhase;
			buildActionMask = 2147483647;
			files = (
				2C36BCBC1E53D75500A87423 /* ToDoList_300921136.xcdatamodeld in Sources */,
				2C36BCB61E53D75500A87423 /* ViewController.swift in Sources */,
				2C36BCB41E53D75500A87423 /* AppDelegate.swift in Sources */,
			);
			runOnlyForDeploymentPostprocessing = 0;
		};
/* End PBXSourcesBuildPhase section */

/* Begin PBXVariantGroup section */
		2C36BCB71E53D75500A87423 /* Main.storyboard */ = {
			isa = PBXVariantGroup;
			children = (
				2C36BCB81E53D75500A87423 /* Base */,
			);
			name = Main.storyboard;
			sourceTree = "<group>";
		};
		2C36BCBF1E53D75500A87423 /* LaunchScreen.storyboard */ = {
			isa = PBXVariantGroup;
			children = (
				2C36BCC01E53D75500A87423 /* Base */,
			);
			name = LaunchScreen.storyboard;
			sourceTree = "<group>";
		};
/* End PBXVariantGroup section */

/* Begin XCBuildConfiguration section */
		2C36BCC31E53D75500A87423 /* Debug */ = {
			isa = XCBuildConfiguration;
			buildSettings = {
				ALWAYS_SEARCH_USER_PATHS = NO;
				CLANG_ANALYZER_NONNULL = YES;
				CLANG_CXX_LANGUAGE_STANDARD = "gnu++0x";
				CLANG_CXX_LIBRARY = "libc++";
				CLANG_ENABLE_MODULES = YES;
				CLANG_ENABLE_OBJC_ARC = YES;
				CLANG_WARN_BOOL_CONVERSION = YES;
				CLANG_WARN_CONSTANT_CONVERSION = YES;
				CLANG_WARN_DIRECT_OBJC_ISA_USAGE = YES_ERROR;
				CLANG_WARN_DOCUMENTATION_COMMENTS = YES;
				CLANG_WARN_EMPTY_BODY = YES;
				CLANG_WARN_ENUM_CONVERSION = YES;
				CLANG_WARN_INFINITE_RECURSION = YES;
				CLANG_WARN_INT_CONVERSION = YES;
				CLANG_WARN_OBJC_ROOT_CLASS = YES_ERROR;
				CLANG_WARN_SUSPICIOUS_MOVE = YES;
				CLANG_WARN_UNREACHABLE_CODE = YES;
				CLANG_WARN__DUPLICATE_METHOD_MATCH = YES;
				"CODE_SIGN_IDENTITY[sdk=iphoneos*]" = "iPhone Developer";
				COPY_PHASE_STRIP = NO;
				DEBUG_INFORMATION_FORMAT = dwarf;
				ENABLE_STRICT_OBJC_MSGSEND = YES;
				ENABLE_TESTABILITY = YES;
				GCC_C_LANGUAGE_STANDARD = gnu99;
				GCC_DYNAMIC_NO_PIC = NO;
				GCC_NO_COMMON_BLOCKS = YES;
				GCC_OPTIMIZATION_LEVEL = 0;
				GCC_PREPROCESSOR_DEFINITIONS = (
					"DEBUG=1",
					"$(inherited)",
				);
				GCC_WARN_64_TO_32_BIT_CONVERSION = YES;
				GCC_WARN_ABOUT_RETURN_TYPE = YES_ERROR;
				GCC_WARN_UNDECLARED_SELECTOR = YES;
				GCC_WARN_UNINITIALIZED_AUTOS = YES_AGGRESSIVE;
				GCC_WARN_UNUSED_FUNCTION = YES;
				GCC_WARN_UNUSED_VARIABLE = YES;
				IPHONEOS_DEPLOYMENT_TARGET = 10.2;
				MTL_ENABLE_DEBUG_INFO = YES;
				ONLY_ACTIVE_ARCH = YES;
				SDKROOT = iphoneos;
				SWIFT_ACTIVE_COMPILATION_CONDITIONS = DEBUG;
				SWIFT_OPTIMIZATION_LEVEL = "-Onone";
			};
			name = Debug;
		};
		2C36BCC41E53D75500A87423 /* Release */ = {
			isa = XCBuildConfiguration;
			buildSettings = {
				ALWAYS_SEARCH_USER_PATHS = NO;
				CLANG_ANALYZER_NONNULL = YES;
				CLANG_CXX_LANGUAGE_STANDARD = "gnu++0x";
				CLANG_CXX_LIBRARY = "libc++";
				CLANG_ENABLE_MODULES = YES;
				CLANG_ENABLE_OBJC_ARC = YES;
				CLANG_WARN_BOOL_CONVERSION = YES;
				CLANG_WARN_CONSTANT_CONVERSION = YES;
				CLANG_WARN_DIRECT_OBJC_ISA_USAGE = YES_ERROR;
				CLANG_WARN_DOCUMENTATION_COMMENTS = YES;
				CLANG_WARN_EMPTY_BODY = YES;
				CLANG_WARN_ENUM_CONVERSION = YES;
				CLANG_WARN_INFINITE_RECURSION = YES;
				CLANG_WARN_INT_CONVERSION = YES;
				CLANG_WARN_OBJC_ROOT_CLASS = YES_ERROR;
				CLANG_WARN_SUSPICIOUS_MOVE = YES;
				CLANG_WARN_UNREACHABLE_CODE = YES;
				CLANG_WARN__DUPLICATE_METHOD_MATCH = YES;
				"CODE_SIGN_IDENTITY[sdk=iphoneos*]" = "iPhone Developer";
				COPY_PHASE_STRIP = NO;
				DEBUG_INFORMATION_FORMAT = "dwarf-with-dsym";
				ENABLE_NS_ASSERTIONS = NO;
				ENABLE_STRICT_OBJC_MSGSEND = YES;
				GCC_C_LANGUAGE_STANDARD = gnu99;
				GCC_NO_COMMON_BLOCKS = YES;
				GCC_WARN_64_TO_32_BIT_CONVERSION = YES;
				GCC_WARN_ABOUT_RETURN_TYPE = YES_ERROR;
				GCC_WARN_UNDECLARED_SELECTOR = YES;
				GCC_WARN_UNINITIALIZED_AUTOS = YES_AGGRESSIVE;
				GCC_WARN_UNUSED_FUNCTION = YES;
				GCC_WARN_UNUSED_VARIABLE = YES;
				IPHONEOS_DEPLOYMENT_TARGET = 10.2;
				MTL_ENABLE_DEBUG_INFO = NO;
				SDKROOT = iphoneos;
				SWIFT_OPTIMIZATION_LEVEL = "-Owholemodule";
				VALIDATE_PRODUCT = YES;
			};
			name = Release;
		};
		2C36BCC61E53D75500A87423 /* Debug */ = {
			isa = XCBuildConfiguration;
			buildSettings = {
				ASSETCATALOG_COMPILER_APPICON_NAME = AppIcon;
				INFOPLIST_FILE = ToDoList_300921136/Info.plist;
				LD_RUNPATH_SEARCH_PATHS = "$(inherited) @executable_path/Frameworks";
				PRODUCT_BUNDLE_IDENTIFIER = "com.ByteMelocation.ToDoList-300921136";
				PRODUCT_NAME = "$(TARGET_NAME)";
				SWIFT_VERSION = 3.0;
			};
			name = Debug;
		};
		2C36BCC71E53D75500A87423 /* Release */ = {
			isa = XCBuildConfiguration;
			buildSettings = {
				ASSETCATALOG_COMPILER_APPICON_NAME = AppIcon;
				INFOPLIST_FILE = ToDoList_300921136/Info.plist;
				LD_RUNPATH_SEARCH_PATHS = "$(inherited) @executable_path/Frameworks";
				PRODUCT_BUNDLE_IDENTIFIER = "com.ByteMelocation.ToDoList-300921136";
				PRODUCT_NAME = "$(TARGET_NAME)";
				SWIFT_VERSION = 3.0;
			};
			name = Release;
		};
/* End XCBuildConfiguration section */

/* Begin XCConfigurationList section */
		2C36BCAB1E53D75400A87423 /* Build configuration list for PBXProject "ToDoList_300921136" */ = {
			isa = XCConfigurationList;
			buildConfigurations = (
				2C36BCC31E53D75500A87423 /* Debug */,
				2C36BCC41E53D75500A87423 /* Release */,
			);
			defaultConfigurationIsVisible = 0;
			defaultConfigurationName = Release;
		};
		2C36BCC51E53D75500A87423 /* Build configuration list for PBXNativeTarget "ToDoList_300921136" */ = {
			isa = XCConfigurationList;
			buildConfigurations = (
				2C36BCC61E53D75500A87423 /* Debug */,
				2C36BCC71E53D75500A87423 /* Release */,
			);
			defaultConfigurationIsVisible = 0;
		};
/* End XCConfigurationList section */

/* Begin XCVersionGroup section */
		2C36BCBA1E53D75500A87423 /* ToDoList_300921136.xcdatamodeld */ = {
			isa = XCVersionGroup;
			children = (
				2C36BCBB1E53D75500A87423 /* ToDoList_300921136.xcdatamodel */,
			);
			currentVersion = 2C36BCBB1E53D75500A87423 /* ToDoList_300921136.xcdatamodel */;
			path = ToDoList_300921136.xcdatamodeld;
			sourceTree = "<group>";
			versionGroupType = wrapper.xcdatamodel;
		};
/* End XCVersionGroup section */
	};
	rootObject = 2C36BCA81E53D75400A87423 /* Project object */;
}
